// !$*UTF8*$!
{
	archiveVersion = 1;
	classes = {
	};
	objectVersion = 56;
	objects = {

/* Begin PBXBuildFile section */
		4DCF5B862DA5984E00CE536D /* AppDelegate.swift in Sources */ = {isa = PBXBuildFile; fileRef = 4DCF5B852DA5984E00CE536D /* AppDelegate.swift */; };
		4DCF5B882DA5984F00CE536D /* SceneDelegate.swift in Sources */ = {isa = PBXBuildFile; fileRef = 4DCF5B872DA5984F00CE536D /* SceneDelegate.swift */; };
		4DCF5B8F2DA5985100CE536D /* Assets.xcassets in Resources */ = {isa = PBXBuildFile; fileRef = 4DCF5B8E2DA5985100CE536D /* Assets.xcassets */; };
		4DCF5B922DA5985100CE536D /* LaunchScreen.storyboard in Resources */ = {isa = PBXBuildFile; fileRef = 4DCF5B902DA5985100CE536D /* LaunchScreen.storyboard */; };
		EB11D87A2DA5A32100A27B73 /* RouterProtocol.swift in Sources */ = {isa = PBXBuildFile; fileRef = EB11D8792DA5A32100A27B73 /* RouterProtocol.swift */; };
		EB11D87C2DA5A36000A27B73 /* AppRouter.swift in Sources */ = {isa = PBXBuildFile; fileRef = EB11D87B2DA5A36000A27B73 /* AppRouter.swift */; };
		EB11D87F2DA5A3CC00A27B73 /* Coordinator.swift in Sources */ = {isa = PBXBuildFile; fileRef = EB11D87E2DA5A3CC00A27B73 /* Coordinator.swift */; };
		EB11D8812DA5A40600A27B73 /* AppNavigation.swift in Sources */ = {isa = PBXBuildFile; fileRef = EB11D8802DA5A40600A27B73 /* AppNavigation.swift */; };
		EB11D8832DA5A4E400A27B73 /* CoordinatorFactory.swift in Sources */ = {isa = PBXBuildFile; fileRef = EB11D8822DA5A4E400A27B73 /* CoordinatorFactory.swift */; };
		EB11D8852DA5A54500A27B73 /* NewsCoordinator.swift in Sources */ = {isa = PBXBuildFile; fileRef = EB11D8842DA5A54500A27B73 /* NewsCoordinator.swift */; };
		EB11D8882DA5A5D400A27B73 /* ModuleBuilder.swift in Sources */ = {isa = PBXBuildFile; fileRef = EB11D8872DA5A5D400A27B73 /* ModuleBuilder.swift */; };
		EB11D88D2DA6E23B00A27B73 /* NetworkConfiguration.swift in Sources */ = {isa = PBXBuildFile; fileRef = EB11D88C2DA6E23B00A27B73 /* NetworkConfiguration.swift */; };
		EB11D88F2DA6E2E100A27B73 /* HTTPMethod.swift in Sources */ = {isa = PBXBuildFile; fileRef = EB11D88E2DA6E2E100A27B73 /* HTTPMethod.swift */; };
		EB11D8912DA6E35800A27B73 /* Endpoint.swift in Sources */ = {isa = PBXBuildFile; fileRef = EB11D8902DA6E35800A27B73 /* Endpoint.swift */; };
		EB11D8932DA6E40100A27B73 /* NetworkError.swift in Sources */ = {isa = PBXBuildFile; fileRef = EB11D8922DA6E40100A27B73 /* NetworkError.swift */; };
		EB11D8952DA6E46A00A27B73 /* NetworkService.swift in Sources */ = {isa = PBXBuildFile; fileRef = EB11D8942DA6E46A00A27B73 /* NetworkService.swift */; };
		EB11D8972DA6E9D700A27B73 /* NewsEndpoint.swift in Sources */ = {isa = PBXBuildFile; fileRef = EB11D8962DA6E9D700A27B73 /* NewsEndpoint.swift */; };
		EB11D8992DA7E4E100A27B73 /* DefaultCoordinatorFactory.swift in Sources */ = {isa = PBXBuildFile; fileRef = EB11D8982DA7E4E100A27B73 /* DefaultCoordinatorFactory.swift */; };
		EB11D89C2DA7E66700A27B73 /* DTOMapper.swift in Sources */ = {isa = PBXBuildFile; fileRef = EB11D89B2DA7E66700A27B73 /* DTOMapper.swift */; };
		EB11D89E2DA7E68200A27B73 /* NewsMapper.swift in Sources */ = {isa = PBXBuildFile; fileRef = EB11D89D2DA7E68200A27B73 /* NewsMapper.swift */; };
		EB11D8A12DA7E6B200A27B73 /* NewsResponseMapper.swift in Sources */ = {isa = PBXBuildFile; fileRef = EB11D8A02DA7E6B200A27B73 /* NewsResponseMapper.swift */; };
		EB11D8A42DA7E6E300A27B73 /* NewsResponse.swift in Sources */ = {isa = PBXBuildFile; fileRef = EB11D8A32DA7E6E300A27B73 /* NewsResponse.swift */; };
		EB11D8A62DA7E72E00A27B73 /* NewsResponseDTO.swift in Sources */ = {isa = PBXBuildFile; fileRef = EB11D8A52DA7E72E00A27B73 /* NewsResponseDTO.swift */; };
		EB11D8A92DA7ED5700A27B73 /* DateFormatter+Ext.swift in Sources */ = {isa = PBXBuildFile; fileRef = EB11D8A82DA7ED5700A27B73 /* DateFormatter+Ext.swift */; };
		EB11D8AB2DA7ED9400A27B73 /* UICollectionView+Ext.swift in Sources */ = {isa = PBXBuildFile; fileRef = EB11D8AA2DA7ED9400A27B73 /* UICollectionView+Ext.swift */; };
		EB11D8AE2DA7EF6A00A27B73 /* CollectionViewDataSource.swift in Sources */ = {isa = PBXBuildFile; fileRef = EB11D8AD2DA7EF6A00A27B73 /* CollectionViewDataSource.swift */; };
		EB11D8B02DA7EFF600A27B73 /* ImageCache.swift in Sources */ = {isa = PBXBuildFile; fileRef = EB11D8AF2DA7EFF600A27B73 /* ImageCache.swift */; };
		EB11D8B22DA7F02E00A27B73 /* ImagePrefetcher.swift in Sources */ = {isa = PBXBuildFile; fileRef = EB11D8B12DA7F02E00A27B73 /* ImagePrefetcher.swift */; };
		EB11D8B42DA91CC300A27B73 /* Paginator.swift in Sources */ = {isa = PBXBuildFile; fileRef = EB11D8B32DA91CC300A27B73 /* Paginator.swift */; };
		EB11D8B92DA920D200A27B73 /* NewsModuleBuilder.swift in Sources */ = {isa = PBXBuildFile; fileRef = EB11D8B82DA920D200A27B73 /* NewsModuleBuilder.swift */; };
		EB11D8BB2DA9250A00A27B73 /* NewsService.swift in Sources */ = {isa = PBXBuildFile; fileRef = EB11D8BA2DA9250A00A27B73 /* NewsService.swift */; };
/* End PBXBuildFile section */

/* Begin PBXFileReference section */
		4DCF5B822DA5984E00CE536D /* ProfuctFlow.app */ = {isa = PBXFileReference; explicitFileType = wrapper.application; includeInIndex = 0; path = ProfuctFlow.app; sourceTree = BUILT_PRODUCTS_DIR; };
		4DCF5B852DA5984E00CE536D /* AppDelegate.swift */ = {isa = PBXFileReference; lastKnownFileType = sourcecode.swift; path = AppDelegate.swift; sourceTree = "<group>"; };
		4DCF5B872DA5984F00CE536D /* SceneDelegate.swift */ = {isa = PBXFileReference; lastKnownFileType = sourcecode.swift; path = SceneDelegate.swift; sourceTree = "<group>"; };
		4DCF5B8E2DA5985100CE536D /* Assets.xcassets */ = {isa = PBXFileReference; lastKnownFileType = folder.assetcatalog; path = Assets.xcassets; sourceTree = "<group>"; };
		4DCF5B912DA5985100CE536D /* Base */ = {isa = PBXFileReference; lastKnownFileType = file.storyboard; name = Base; path = Base.lproj/LaunchScreen.storyboard; sourceTree = "<group>"; };
		4DCF5B932DA5985100CE536D /* Info.plist */ = {isa = PBXFileReference; lastKnownFileType = text.plist.xml; path = Info.plist; sourceTree = "<group>"; };
		EB11D8792DA5A32100A27B73 /* RouterProtocol.swift */ = {isa = PBXFileReference; lastKnownFileType = sourcecode.swift; path = RouterProtocol.swift; sourceTree = "<group>"; };
		EB11D87B2DA5A36000A27B73 /* AppRouter.swift */ = {isa = PBXFileReference; lastKnownFileType = sourcecode.swift; path = AppRouter.swift; sourceTree = "<group>"; };
		EB11D87E2DA5A3CC00A27B73 /* Coordinator.swift */ = {isa = PBXFileReference; lastKnownFileType = sourcecode.swift; path = Coordinator.swift; sourceTree = "<group>"; };
		EB11D8802DA5A40600A27B73 /* AppNavigation.swift */ = {isa = PBXFileReference; lastKnownFileType = sourcecode.swift; path = AppNavigation.swift; sourceTree = "<group>"; };
		EB11D8822DA5A4E400A27B73 /* CoordinatorFactory.swift */ = {isa = PBXFileReference; lastKnownFileType = sourcecode.swift; path = CoordinatorFactory.swift; sourceTree = "<group>"; };
		EB11D8842DA5A54500A27B73 /* NewsCoordinator.swift */ = {isa = PBXFileReference; lastKnownFileType = sourcecode.swift; path = NewsCoordinator.swift; sourceTree = "<group>"; };
		EB11D8872DA5A5D400A27B73 /* ModuleBuilder.swift */ = {isa = PBXFileReference; lastKnownFileType = sourcecode.swift; path = ModuleBuilder.swift; sourceTree = "<group>"; };
		EB11D88C2DA6E23B00A27B73 /* NetworkConfiguration.swift */ = {isa = PBXFileReference; lastKnownFileType = sourcecode.swift; path = NetworkConfiguration.swift; sourceTree = "<group>"; };
		EB11D88E2DA6E2E100A27B73 /* HTTPMethod.swift */ = {isa = PBXFileReference; lastKnownFileType = sourcecode.swift; path = HTTPMethod.swift; sourceTree = "<group>"; };
		EB11D8902DA6E35800A27B73 /* Endpoint.swift */ = {isa = PBXFileReference; lastKnownFileType = sourcecode.swift; path = Endpoint.swift; sourceTree = "<group>"; };
		EB11D8922DA6E40100A27B73 /* NetworkError.swift */ = {isa = PBXFileReference; lastKnownFileType = sourcecode.swift; path = NetworkError.swift; sourceTree = "<group>"; };
		EB11D8942DA6E46A00A27B73 /* NetworkService.swift */ = {isa = PBXFileReference; lastKnownFileType = sourcecode.swift; path = NetworkService.swift; sourceTree = "<group>"; };
		EB11D8962DA6E9D700A27B73 /* NewsEndpoint.swift */ = {isa = PBXFileReference; lastKnownFileType = sourcecode.swift; path = NewsEndpoint.swift; sourceTree = "<group>"; };
		EB11D8982DA7E4E100A27B73 /* DefaultCoordinatorFactory.swift */ = {isa = PBXFileReference; lastKnownFileType = sourcecode.swift; path = DefaultCoordinatorFactory.swift; sourceTree = "<group>"; };
		EB11D89B2DA7E66700A27B73 /* DTOMapper.swift */ = {isa = PBXFileReference; lastKnownFileType = sourcecode.swift; path = DTOMapper.swift; sourceTree = "<group>"; };
		EB11D89D2DA7E68200A27B73 /* NewsMapper.swift */ = {isa = PBXFileReference; lastKnownFileType = sourcecode.swift; path = NewsMapper.swift; sourceTree = "<group>"; };
		EB11D8A02DA7E6B200A27B73 /* NewsResponseMapper.swift */ = {isa = PBXFileReference; lastKnownFileType = sourcecode.swift; path = NewsResponseMapper.swift; sourceTree = "<group>"; };
		EB11D8A32DA7E6E300A27B73 /* NewsResponse.swift */ = {isa = PBXFileReference; lastKnownFileType = sourcecode.swift; path = NewsResponse.swift; sourceTree = "<group>"; };
		EB11D8A52DA7E72E00A27B73 /* NewsResponseDTO.swift */ = {isa = PBXFileReference; lastKnownFileType = sourcecode.swift; path = NewsResponseDTO.swift; sourceTree = "<group>"; };
		EB11D8A82DA7ED5700A27B73 /* DateFormatter+Ext.swift */ = {isa = PBXFileReference; lastKnownFileType = sourcecode.swift; path = "DateFormatter+Ext.swift"; sourceTree = "<group>"; };
		EB11D8AA2DA7ED9400A27B73 /* UICollectionView+Ext.swift */ = {isa = PBXFileReference; lastKnownFileType = sourcecode.swift; path = "UICollectionView+Ext.swift"; sourceTree = "<group>"; };
		EB11D8AD2DA7EF6A00A27B73 /* CollectionViewDataSource.swift */ = {isa = PBXFileReference; lastKnownFileType = sourcecode.swift; path = CollectionViewDataSource.swift; sourceTree = "<group>"; };
		EB11D8AF2DA7EFF600A27B73 /* ImageCache.swift */ = {isa = PBXFileReference; lastKnownFileType = sourcecode.swift; path = ImageCache.swift; sourceTree = "<group>"; };
		EB11D8B12DA7F02E00A27B73 /* ImagePrefetcher.swift */ = {isa = PBXFileReference; lastKnownFileType = sourcecode.swift; path = ImagePrefetcher.swift; sourceTree = "<group>"; };
		EB11D8B32DA91CC300A27B73 /* Paginator.swift */ = {isa = PBXFileReference; lastKnownFileType = sourcecode.swift; path = Paginator.swift; sourceTree = "<group>"; };
		EB11D8B82DA920D200A27B73 /* NewsModuleBuilder.swift */ = {isa = PBXFileReference; lastKnownFileType = sourcecode.swift; path = NewsModuleBuilder.swift; sourceTree = "<group>"; };
		EB11D8BA2DA9250A00A27B73 /* NewsService.swift */ = {isa = PBXFileReference; lastKnownFileType = sourcecode.swift; path = NewsService.swift; sourceTree = "<group>"; };
/* End PBXFileReference section */

/* Begin PBXFrameworksBuildPhase section */
		4DCF5B7F2DA5984E00CE536D /* Frameworks */ = {
			isa = PBXFrameworksBuildPhase;
			buildActionMask = 2147483647;
			files = (
			);
			runOnlyForDeploymentPostprocessing = 0;
		};
/* End PBXFrameworksBuildPhase section */

/* Begin PBXGroup section */
		4DCF5B792DA5984E00CE536D = {
			isa = PBXGroup;
			children = (
				4DCF5B842DA5984E00CE536D /* ProfuctFlow */,
				4DCF5B832DA5984E00CE536D /* Products */,
			);
			sourceTree = "<group>";
		};
		4DCF5B832DA5984E00CE536D /* Products */ = {
			isa = PBXGroup;
			children = (
				4DCF5B822DA5984E00CE536D /* ProfuctFlow.app */,
			);
			name = Products;
			sourceTree = "<group>";
		};
		4DCF5B842DA5984E00CE536D /* ProfuctFlow */ = {
			isa = PBXGroup;
			children = (
				EB11D8B52DA920AB00A27B73 /* Modules */,
				EB11D89A2DA7E65A00A27B73 /* Core */,
				EB11D88A2DA6E20400A27B73 /* Network */,
				EB11D8772DA5A2CD00A27B73 /* Application */,
				EB11D87D2DA5A3B400A27B73 /* Coordinators */,
				EB11D8782DA5A2F700A27B73 /* Navigation */,
				EB11D8862DA5A5B800A27B73 /* Protocols */,
				EB11D8AC2DA7EF4700A27B73 /* Utilities */,
				EB11D8A72DA7ED1000A27B73 /* Extensions */,
				EB11D8892DA6E1F000A27B73 /* Resourses */,
				4DCF5B932DA5985100CE536D /* Info.plist */,
			);
			path = ProfuctFlow;
			sourceTree = "<group>";
		};
		EB11D8772DA5A2CD00A27B73 /* Application */ = {
			isa = PBXGroup;
			children = (
				4DCF5B852DA5984E00CE536D /* AppDelegate.swift */,
				4DCF5B872DA5984F00CE536D /* SceneDelegate.swift */,
			);
			path = Application;
			sourceTree = "<group>";
		};
		EB11D8782DA5A2F700A27B73 /* Navigation */ = {
			isa = PBXGroup;
			children = (
				EB11D8792DA5A32100A27B73 /* RouterProtocol.swift */,
				EB11D87B2DA5A36000A27B73 /* AppRouter.swift */,
				EB11D8802DA5A40600A27B73 /* AppNavigation.swift */,
			);
			path = Navigation;
			sourceTree = "<group>";
		};
		EB11D87D2DA5A3B400A27B73 /* Coordinators */ = {
			isa = PBXGroup;
			children = (
				EB11D87E2DA5A3CC00A27B73 /* Coordinator.swift */,
				EB11D8822DA5A4E400A27B73 /* CoordinatorFactory.swift */,
				EB11D8842DA5A54500A27B73 /* NewsCoordinator.swift */,
				EB11D8982DA7E4E100A27B73 /* DefaultCoordinatorFactory.swift */,
			);
			path = Coordinators;
			sourceTree = "<group>";
		};
		EB11D8862DA5A5B800A27B73 /* Protocols */ = {
			isa = PBXGroup;
			children = (
				EB11D8872DA5A5D400A27B73 /* ModuleBuilder.swift */,
			);
			path = Protocols;
			sourceTree = "<group>";
		};
		EB11D8892DA6E1F000A27B73 /* Resourses */ = {
			isa = PBXGroup;
			children = (
				4DCF5B902DA5985100CE536D /* LaunchScreen.storyboard */,
				4DCF5B8E2DA5985100CE536D /* Assets.xcassets */,
			);
			path = Resourses;
			sourceTree = "<group>";
		};
		EB11D88A2DA6E20400A27B73 /* Network */ = {
			isa = PBXGroup;
			children = (
				EB11D88B2DA6E21600A27B73 /* Endpoints */,
				EB11D88C2DA6E23B00A27B73 /* NetworkConfiguration.swift */,
				EB11D88E2DA6E2E100A27B73 /* HTTPMethod.swift */,
				EB11D8902DA6E35800A27B73 /* Endpoint.swift */,
				EB11D8922DA6E40100A27B73 /* NetworkError.swift */,
				EB11D8942DA6E46A00A27B73 /* NetworkService.swift */,
			);
			path = Network;
			sourceTree = "<group>";
		};
		EB11D88B2DA6E21600A27B73 /* Endpoints */ = {
			isa = PBXGroup;
			children = (
				EB11D8962DA6E9D700A27B73 /* NewsEndpoint.swift */,
			);
			path = Endpoints;
			sourceTree = "<group>";
		};
		EB11D89A2DA7E65A00A27B73 /* Core */ = {
			isa = PBXGroup;
			children = (
				EB11D8A22DA7E6C400A27B73 /* Models */,
				EB11D89F2DA7E6A000A27B73 /* Mappers */,
			);
			path = Core;
			sourceTree = "<group>";
		};
		EB11D89F2DA7E6A000A27B73 /* Mappers */ = {
			isa = PBXGroup;
			children = (
				EB11D89D2DA7E68200A27B73 /* NewsMapper.swift */,
				EB11D89B2DA7E66700A27B73 /* DTOMapper.swift */,
				EB11D8A02DA7E6B200A27B73 /* NewsResponseMapper.swift */,
			);
			path = Mappers;
			sourceTree = "<group>";
		};
		EB11D8A22DA7E6C400A27B73 /* Models */ = {
			isa = PBXGroup;
			children = (
				EB11D8A32DA7E6E300A27B73 /* NewsResponse.swift */,
				EB11D8A52DA7E72E00A27B73 /* NewsResponseDTO.swift */,
			);
			path = Models;
			sourceTree = "<group>";
		};
		EB11D8A72DA7ED1000A27B73 /* Extensions */ = {
			isa = PBXGroup;
			children = (
				EB11D8A82DA7ED5700A27B73 /* DateFormatter+Ext.swift */,
				EB11D8AA2DA7ED9400A27B73 /* UICollectionView+Ext.swift */,
			);
			path = Extensions;
			sourceTree = "<group>";
		};
		EB11D8AC2DA7EF4700A27B73 /* Utilities */ = {
			isa = PBXGroup;
			children = (
				EB11D8AD2DA7EF6A00A27B73 /* CollectionViewDataSource.swift */,
				EB11D8AF2DA7EFF600A27B73 /* ImageCache.swift */,
				EB11D8B12DA7F02E00A27B73 /* ImagePrefetcher.swift */,
				EB11D8B32DA91CC300A27B73 /* Paginator.swift */,
			);
			path = Utilities;
			sourceTree = "<group>";
		};
		EB11D8B52DA920AB00A27B73 /* Modules */ = {
			isa = PBXGroup;
			children = (
				EB11D8B62DA920BC00A27B73 /* News */,
			);
			path = Modules;
			sourceTree = "<group>";
		};
		EB11D8B62DA920BC00A27B73 /* News */ = {
			isa = PBXGroup;
			children = (
				EB11D8B72DA920C400A27B73 /* Builder */,
				EB11D8BA2DA9250A00A27B73 /* NewsService.swift */,
			);
			path = News;
			sourceTree = "<group>";
		};
		EB11D8B72DA920C400A27B73 /* Builder */ = {
			isa = PBXGroup;
			children = (
				EB11D8B82DA920D200A27B73 /* NewsModuleBuilder.swift */,
			);
			path = Builder;
			sourceTree = "<group>";
		};
/* End PBXGroup section */

/* Begin PBXNativeTarget section */
		4DCF5B812DA5984E00CE536D /* ProfuctFlow */ = {
			isa = PBXNativeTarget;
			buildConfigurationList = 4DCF5B962DA5985100CE536D /* Build configuration list for PBXNativeTarget "ProfuctFlow" */;
			buildPhases = (
				4DCF5B7E2DA5984E00CE536D /* Sources */,
				4DCF5B7F2DA5984E00CE536D /* Frameworks */,
				4DCF5B802DA5984E00CE536D /* Resources */,
			);
			buildRules = (
			);
			dependencies = (
			);
			name = ProfuctFlow;
			productName = ProfuctFlow;
			productReference = 4DCF5B822DA5984E00CE536D /* ProfuctFlow.app */;
			productType = "com.apple.product-type.application";
		};
/* End PBXNativeTarget section */

/* Begin PBXProject section */
		4DCF5B7A2DA5984E00CE536D /* Project object */ = {
			isa = PBXProject;
			attributes = {
				BuildIndependentTargetsInParallel = 1;
				LastSwiftUpdateCheck = 1420;
				LastUpgradeCheck = 1530;
				TargetAttributes = {
					4DCF5B812DA5984E00CE536D = {
						CreatedOnToolsVersion = 14.2;
					};
				};
			};
			buildConfigurationList = 4DCF5B7D2DA5984E00CE536D /* Build configuration list for PBXProject "ProfuctFlow" */;
			compatibilityVersion = "Xcode 14.0";
			developmentRegion = en;
			hasScannedForEncodings = 0;
			knownRegions = (
				en,
				Base,
			);
			mainGroup = 4DCF5B792DA5984E00CE536D;
			productRefGroup = 4DCF5B832DA5984E00CE536D /* Products */;
			projectDirPath = "";
			projectRoot = "";
			targets = (
				4DCF5B812DA5984E00CE536D /* ProfuctFlow */,
			);
		};
/* End PBXProject section */

/* Begin PBXResourcesBuildPhase section */
		4DCF5B802DA5984E00CE536D /* Resources */ = {
			isa = PBXResourcesBuildPhase;
			buildActionMask = 2147483647;
			files = (
				4DCF5B922DA5985100CE536D /* LaunchScreen.storyboard in Resources */,
				4DCF5B8F2DA5985100CE536D /* Assets.xcassets in Resources */,
			);
			runOnlyForDeploymentPostprocessing = 0;
		};
/* End PBXResourcesBuildPhase section */

/* Begin PBXSourcesBuildPhase section */
		4DCF5B7E2DA5984E00CE536D /* Sources */ = {
			isa = PBXSourcesBuildPhase;
			buildActionMask = 2147483647;
			files = (
				EB11D8A62DA7E72E00A27B73 /* NewsResponseDTO.swift in Sources */,
				EB11D87C2DA5A36000A27B73 /* AppRouter.swift in Sources */,
				EB11D8A42DA7E6E300A27B73 /* NewsResponse.swift in Sources */,
				EB11D88D2DA6E23B00A27B73 /* NetworkConfiguration.swift in Sources */,
				EB11D8852DA5A54500A27B73 /* NewsCoordinator.swift in Sources */,
				EB11D88F2DA6E2E100A27B73 /* HTTPMethod.swift in Sources */,
				EB11D87A2DA5A32100A27B73 /* RouterProtocol.swift in Sources */,
				EB11D8832DA5A4E400A27B73 /* CoordinatorFactory.swift in Sources */,
				EB11D8B92DA920D200A27B73 /* NewsModuleBuilder.swift in Sources */,
				EB11D8972DA6E9D700A27B73 /* NewsEndpoint.swift in Sources */,
				EB11D8BB2DA9250A00A27B73 /* NewsService.swift in Sources */,
				EB11D8AB2DA7ED9400A27B73 /* UICollectionView+Ext.swift in Sources */,
				EB11D8B02DA7EFF600A27B73 /* ImageCache.swift in Sources */,
				EB11D8A12DA7E6B200A27B73 /* NewsResponseMapper.swift in Sources */,
				EB11D8952DA6E46A00A27B73 /* NetworkService.swift in Sources */,
				EB11D87F2DA5A3CC00A27B73 /* Coordinator.swift in Sources */,
				EB11D89E2DA7E68200A27B73 /* NewsMapper.swift in Sources */,
				EB11D8882DA5A5D400A27B73 /* ModuleBuilder.swift in Sources */,
				EB11D8A92DA7ED5700A27B73 /* DateFormatter+Ext.swift in Sources */,
				EB11D8812DA5A40600A27B73 /* AppNavigation.swift in Sources */,
				EB11D8992DA7E4E100A27B73 /* DefaultCoordinatorFactory.swift in Sources */,
				4DCF5B862DA5984E00CE536D /* AppDelegate.swift in Sources */,
				EB11D8B42DA91CC300A27B73 /* Paginator.swift in Sources */,
				EB11D8AE2DA7EF6A00A27B73 /* CollectionViewDataSource.swift in Sources */,
				EB11D8B22DA7F02E00A27B73 /* ImagePrefetcher.swift in Sources */,
				EB11D8932DA6E40100A27B73 /* NetworkError.swift in Sources */,
				EB11D89C2DA7E66700A27B73 /* DTOMapper.swift in Sources */,
				EB11D8912DA6E35800A27B73 /* Endpoint.swift in Sources */,
				4DCF5B882DA5984F00CE536D /* SceneDelegate.swift in Sources */,
			);
			runOnlyForDeploymentPostprocessing = 0;
		};
/* End PBXSourcesBuildPhase section */

/* Begin PBXVariantGroup section */
		4DCF5B902DA5985100CE536D /* LaunchScreen.storyboard */ = {
			isa = PBXVariantGroup;
			children = (
				4DCF5B912DA5985100CE536D /* Base */,
			);
			name = LaunchScreen.storyboard;
			sourceTree = "<group>";
		};
/* End PBXVariantGroup section */

/* Begin XCBuildConfiguration section */
		4DCF5B942DA5985100CE536D /* Debug */ = {
			isa = XCBuildConfiguration;
			buildSettings = {
				ALWAYS_SEARCH_USER_PATHS = NO;
				CLANG_ANALYZER_NONNULL = YES;
				CLANG_ANALYZER_NUMBER_OBJECT_CONVERSION = YES_AGGRESSIVE;
				CLANG_CXX_LANGUAGE_STANDARD = "gnu++20";
				CLANG_ENABLE_MODULES = YES;
				CLANG_ENABLE_OBJC_ARC = YES;
				CLANG_ENABLE_OBJC_WEAK = YES;
				CLANG_WARN_BLOCK_CAPTURE_AUTORELEASING = YES;
				CLANG_WARN_BOOL_CONVERSION = YES;
				CLANG_WARN_COMMA = YES;
				CLANG_WARN_CONSTANT_CONVERSION = YES;
				CLANG_WARN_DEPRECATED_OBJC_IMPLEMENTATIONS = YES;
				CLANG_WARN_DIRECT_OBJC_ISA_USAGE = YES_ERROR;
				CLANG_WARN_DOCUMENTATION_COMMENTS = YES;
				CLANG_WARN_EMPTY_BODY = YES;
				CLANG_WARN_ENUM_CONVERSION = YES;
				CLANG_WARN_INFINITE_RECURSION = YES;
				CLANG_WARN_INT_CONVERSION = YES;
				CLANG_WARN_NON_LITERAL_NULL_CONVERSION = YES;
				CLANG_WARN_OBJC_IMPLICIT_RETAIN_SELF = YES;
				CLANG_WARN_OBJC_LITERAL_CONVERSION = YES;
				CLANG_WARN_OBJC_ROOT_CLASS = YES_ERROR;
				CLANG_WARN_QUOTED_INCLUDE_IN_FRAMEWORK_HEADER = YES;
				CLANG_WARN_RANGE_LOOP_ANALYSIS = YES;
				CLANG_WARN_STRICT_PROTOTYPES = YES;
				CLANG_WARN_SUSPICIOUS_MOVE = YES;
				CLANG_WARN_UNGUARDED_AVAILABILITY = YES_AGGRESSIVE;
				CLANG_WARN_UNREACHABLE_CODE = YES;
				CLANG_WARN__DUPLICATE_METHOD_MATCH = YES;
				COPY_PHASE_STRIP = NO;
				DEBUG_INFORMATION_FORMAT = dwarf;
				ENABLE_STRICT_OBJC_MSGSEND = YES;
				ENABLE_TESTABILITY = YES;
				ENABLE_USER_SCRIPT_SANDBOXING = YES;
				GCC_C_LANGUAGE_STANDARD = gnu11;
				GCC_DYNAMIC_NO_PIC = NO;
				GCC_NO_COMMON_BLOCKS = YES;
				GCC_OPTIMIZATION_LEVEL = 0;
				GCC_PREPROCESSOR_DEFINITIONS = (
					"DEBUG=1",
					"$(inherited)",
				);
				GCC_WARN_64_TO_32_BIT_CONVERSION = YES;
				GCC_WARN_ABOUT_RETURN_TYPE = YES_ERROR;
				GCC_WARN_UNDECLARED_SELECTOR = YES;
				GCC_WARN_UNINITIALIZED_AUTOS = YES_AGGRESSIVE;
				GCC_WARN_UNUSED_FUNCTION = YES;
				GCC_WARN_UNUSED_VARIABLE = YES;
				IPHONEOS_DEPLOYMENT_TARGET = 16.2;
				MTL_ENABLE_DEBUG_INFO = INCLUDE_SOURCE;
				MTL_FAST_MATH = YES;
				ONLY_ACTIVE_ARCH = YES;
				SDKROOT = iphoneos;
				SWIFT_ACTIVE_COMPILATION_CONDITIONS = DEBUG;
				SWIFT_OPTIMIZATION_LEVEL = "-Onone";
			};
			name = Debug;
		};
		4DCF5B952DA5985100CE536D /* Release */ = {
			isa = XCBuildConfiguration;
			buildSettings = {
				ALWAYS_SEARCH_USER_PATHS = NO;
				CLANG_ANALYZER_NONNULL = YES;
				CLANG_ANALYZER_NUMBER_OBJECT_CONVERSION = YES_AGGRESSIVE;
				CLANG_CXX_LANGUAGE_STANDARD = "gnu++20";
				CLANG_ENABLE_MODULES = YES;
				CLANG_ENABLE_OBJC_ARC = YES;
				CLANG_ENABLE_OBJC_WEAK = YES;
				CLANG_WARN_BLOCK_CAPTURE_AUTORELEASING = YES;
				CLANG_WARN_BOOL_CONVERSION = YES;
				CLANG_WARN_COMMA = YES;
				CLANG_WARN_CONSTANT_CONVERSION = YES;
				CLANG_WARN_DEPRECATED_OBJC_IMPLEMENTATIONS = YES;
				CLANG_WARN_DIRECT_OBJC_ISA_USAGE = YES_ERROR;
				CLANG_WARN_DOCUMENTATION_COMMENTS = YES;
				CLANG_WARN_EMPTY_BODY = YES;
				CLANG_WARN_ENUM_CONVERSION = YES;
				CLANG_WARN_INFINITE_RECURSION = YES;
				CLANG_WARN_INT_CONVERSION = YES;
				CLANG_WARN_NON_LITERAL_NULL_CONVERSION = YES;
				CLANG_WARN_OBJC_IMPLICIT_RETAIN_SELF = YES;
				CLANG_WARN_OBJC_LITERAL_CONVERSION = YES;
				CLANG_WARN_OBJC_ROOT_CLASS = YES_ERROR;
				CLANG_WARN_QUOTED_INCLUDE_IN_FRAMEWORK_HEADER = YES;
				CLANG_WARN_RANGE_LOOP_ANALYSIS = YES;
				CLANG_WARN_STRICT_PROTOTYPES = YES;
				CLANG_WARN_SUSPICIOUS_MOVE = YES;
				CLANG_WARN_UNGUARDED_AVAILABILITY = YES_AGGRESSIVE;
				CLANG_WARN_UNREACHABLE_CODE = YES;
				CLANG_WARN__DUPLICATE_METHOD_MATCH = YES;
				COPY_PHASE_STRIP = NO;
				DEBUG_INFORMATION_FORMAT = "dwarf-with-dsym";
				ENABLE_NS_ASSERTIONS = NO;
				ENABLE_STRICT_OBJC_MSGSEND = YES;
				ENABLE_USER_SCRIPT_SANDBOXING = YES;
				GCC_C_LANGUAGE_STANDARD = gnu11;
				GCC_NO_COMMON_BLOCKS = YES;
				GCC_WARN_64_TO_32_BIT_CONVERSION = YES;
				GCC_WARN_ABOUT_RETURN_TYPE = YES_ERROR;
				GCC_WARN_UNDECLARED_SELECTOR = YES;
				GCC_WARN_UNINITIALIZED_AUTOS = YES_AGGRESSIVE;
				GCC_WARN_UNUSED_FUNCTION = YES;
				GCC_WARN_UNUSED_VARIABLE = YES;
				IPHONEOS_DEPLOYMENT_TARGET = 16.2;
				MTL_ENABLE_DEBUG_INFO = NO;
				MTL_FAST_MATH = YES;
				SDKROOT = iphoneos;
				SWIFT_COMPILATION_MODE = wholemodule;
				SWIFT_OPTIMIZATION_LEVEL = "-O";
				VALIDATE_PRODUCT = YES;
			};
			name = Release;
		};
		4DCF5B972DA5985100CE536D /* Debug */ = {
			isa = XCBuildConfiguration;
			buildSettings = {
				ASSETCATALOG_COMPILER_APPICON_NAME = AppIcon;
				ASSETCATALOG_COMPILER_GLOBAL_ACCENT_COLOR_NAME = AccentColor;
				CODE_SIGN_STYLE = Automatic;
				CURRENT_PROJECT_VERSION = 1;
				DEVELOPMENT_TEAM = Y8H9RCX86A;
				GENERATE_INFOPLIST_FILE = YES;
				INFOPLIST_FILE = ProfuctFlow/Info.plist;
				INFOPLIST_KEY_UIApplicationSupportsIndirectInputEvents = YES;
				INFOPLIST_KEY_UILaunchStoryboardName = LaunchScreen;
				INFOPLIST_KEY_UISupportedInterfaceOrientations_iPad = "UIInterfaceOrientationPortrait UIInterfaceOrientationPortraitUpsideDown UIInterfaceOrientationLandscapeLeft UIInterfaceOrientationLandscapeRight";
				INFOPLIST_KEY_UISupportedInterfaceOrientations_iPhone = "UIInterfaceOrientationPortrait UIInterfaceOrientationLandscapeLeft UIInterfaceOrientationLandscapeRight";
				LD_RUNPATH_SEARCH_PATHS = (
					"$(inherited)",
					"@executable_path/Frameworks",
				);
				MARKETING_VERSION = 1.0;
				PRODUCT_BUNDLE_IDENTIFIER = DimaKolesov.ProfuctFlow;
				PRODUCT_NAME = "$(TARGET_NAME)";
				SWIFT_EMIT_LOC_STRINGS = YES;
				SWIFT_VERSION = 5.0;
				TARGETED_DEVICE_FAMILY = "1,2";
			};
			name = Debug;
		};
		4DCF5B982DA5985100CE536D /* Release */ = {
			isa = XCBuildConfiguration;
			buildSettings = {
				ASSETCATALOG_COMPILER_APPICON_NAME = AppIcon;
				ASSETCATALOG_COMPILER_GLOBAL_ACCENT_COLOR_NAME = AccentColor;
				CODE_SIGN_STYLE = Automatic;
				CURRENT_PROJECT_VERSION = 1;
				DEVELOPMENT_TEAM = Y8H9RCX86A;
				GENERATE_INFOPLIST_FILE = YES;
				INFOPLIST_FILE = ProfuctFlow/Info.plist;
				INFOPLIST_KEY_UIApplicationSupportsIndirectInputEvents = YES;
				INFOPLIST_KEY_UILaunchStoryboardName = LaunchScreen;
				INFOPLIST_KEY_UISupportedInterfaceOrientations_iPad = "UIInterfaceOrientationPortrait UIInterfaceOrientationPortraitUpsideDown UIInterfaceOrientationLandscapeLeft UIInterfaceOrientationLandscapeRight";
				INFOPLIST_KEY_UISupportedInterfaceOrientations_iPhone = "UIInterfaceOrientationPortrait UIInterfaceOrientationLandscapeLeft UIInterfaceOrientationLandscapeRight";
				LD_RUNPATH_SEARCH_PATHS = (
					"$(inherited)",
					"@executable_path/Frameworks",
				);
				MARKETING_VERSION = 1.0;
				PRODUCT_BUNDLE_IDENTIFIER = DimaKolesov.ProfuctFlow;
				PRODUCT_NAME = "$(TARGET_NAME)";
				SWIFT_EMIT_LOC_STRINGS = YES;
				SWIFT_VERSION = 5.0;
				TARGETED_DEVICE_FAMILY = "1,2";
			};
			name = Release;
		};
/* End XCBuildConfiguration section */

/* Begin XCConfigurationList section */
		4DCF5B7D2DA5984E00CE536D /* Build configuration list for PBXProject "ProfuctFlow" */ = {
			isa = XCConfigurationList;
			buildConfigurations = (
				4DCF5B942DA5985100CE536D /* Debug */,
				4DCF5B952DA5985100CE536D /* Release */,
			);
			defaultConfigurationIsVisible = 0;
			defaultConfigurationName = Release;
		};
		4DCF5B962DA5985100CE536D /* Build configuration list for PBXNativeTarget "ProfuctFlow" */ = {
			isa = XCConfigurationList;
			buildConfigurations = (
				4DCF5B972DA5985100CE536D /* Debug */,
				4DCF5B982DA5985100CE536D /* Release */,
			);
			defaultConfigurationIsVisible = 0;
			defaultConfigurationName = Release;
		};
/* End XCConfigurationList section */
	};
	rootObject = 4DCF5B7A2DA5984E00CE536D /* Project object */;
}
